
Microsoft Visual Studio Solution File, Format Version 12.00
# Visual Studio 15
VisualStudioVersion = 15.0.28307.168
MinimumVisualStudioVersion = 10.0.40219.1
Project("{8BC9CEB8-8B4A-11D0-8D11-00A0C91BC942}") = "SpaceShooter", "SpaceShooter\SpaceShooter.vcxproj", "{8D66769F-9357-4EA8-9CB8-BFC6AF08A25B}"
EndProject
Global
	GlobalSection(SolutionConfigurationPlatforms) = preSolution
		Debug|x64 = Debug|x64
		Debug|x86 = Debug|x86
		Release|x64 = Release|x64
		Release|x86 = Release|x86
	EndGlobalSection
	GlobalSection(ProjectConfigurationPlatforms) = postSolution
		{8D66769F-9357-4EA8-9CB8-BFC6AF08A25B}.Debug|x64.ActiveCfg = Debug|x64
		{8D66769F-9357-4EA8-9CB8-BFC6AF08A25B}.Debug|x64.Build.0 = Debug|x64
		{8D66769F-9357-4EA8-9CB8-BFC6AF08A25B}.Debug|x86.ActiveCfg = Debug|Win32
		{8D66769F-9357-4EA8-9CB8-BFC6AF08A25B}.Debug|x86.Build.0 = Debug|Win32
		{8D66769F-9357-4EA8-9CB8-BFC6AF08A25B}.Release|x64.ActiveCfg = Release|x64
		{8D66769F-9357-4EA8-9CB8-BFC6AF08A25B}.Release|x64.Build.0 = Release|x64
		{8D66769F-9357-4EA8-9CB8-BFC6AF08A25B}.Release|x86.ActiveCfg = Release|Win32
		{8D66769F-9357-4EA8-9CB8-BFC6AF08A25B}.Release|x86.Build.0 = Release|Win32
	EndGlobalSection
	GlobalSection(SolutionProperties) = preSolution
		HideSolutionNode = FALSE
	EndGlobalSection
	GlobalSection(ExtensibilityGlobals) = postSolution
		SolutionGuid = {BA219BA6-315B-4CE5-85E9-A313846A51F3}
	EndGlobalSection
EndGlobal
