<?xml version="1.0" encoding="utf-8"?>
<Project ToolsVersion="4.0" xmlns="http://schemas.microsoft.com/developer/msbuild/2003">
  <ItemGroup>
    <ClCompile Include="Main.cpp" />
    <ClCompile Include="Actor.cpp">
      <Filter>Core</Filter>
    </ClCompile>
    <ClCompile Include="Component.cpp">
      <Filter>Core</Filter>
    </ClCompile>
    <ClCompile Include="Game.cpp">
      <Filter>Core</Filter>
    </ClCompile>
    <ClCompile Include="InputComponent.cpp">
      <Filter>Core</Filter>
    </ClCompile>
    <ClCompile Include="MoveComponent.cpp">
      <Filter>Core</Filter>
    </ClCompile>
    <ClCompile Include="SpriteComponent.cpp">
      <Filter>Core</Filter>
    </ClCompile>
    <ClCompile Include="Math.cpp">
      <Filter>Math</Filter>
    </ClCompile>
    <ClCompile Include="Random.cpp">
      <Filter>Random</Filter>
    </ClCompile>
    <ClCompile Include="AIComponent.cpp">
      <Filter>Core</Filter>
    </ClCompile>
    <ClCompile Include="AIState.cpp">
      <Filter>Core</Filter>
    </ClCompile>
    <ClCompile Include="Pathfinding.cpp" />
  </ItemGroup>
  <ItemGroup>
    <Filter Include="Core">
      <UniqueIdentifier>{63fe3cc1-6f97-450e-a41b-935d2205937d}</UniqueIdentifier>
    </Filter>
    <Filter Include="Math">
      <UniqueIdentifier>{5164af5c-c31e-4aa4-aefd-9b89e5292fd5}</UniqueIdentifier>
    </Filter>
    <Filter Include="Random">
      <UniqueIdentifier>{5bf8ad19-1b13-4084-872c-002d26055c0b}</UniqueIdentifier>
    </Filter>
  </ItemGroup>
  <ItemGroup>
    <ClInclude Include="Actor.h">
      <Filter>Core</Filter>
    </ClInclude>
    <ClInclude Include="Component.h">
      <Filter>Core</Filter>
    </ClInclude>
    <ClInclude Include="Game.h">
      <Filter>Core</Filter>
    </ClInclude>
    <ClInclude Include="InputComponent.h">
      <Filter>Core</Filter>
    </ClInclude>
    <ClInclude Include="MoveComponent.h">
      <Filter>Core</Filter>
    </ClInclude>
    <ClInclude Include="SpriteComponent.h">
      <Filter>Core</Filter>
    </ClInclude>
    <ClInclude Include="Math.h">
      <Filter>Math</Filter>
    </ClInclude>
    <ClInclude Include="Random.h">
      <Filter>Random</Filter>
    </ClInclude>
    <ClInclude Include="AIComponent.h">
      <Filter>Core</Filter>
    </ClInclude>
    <ClInclude Include="AIState.h">
      <Filter>Core</Filter>
    </ClInclude>
    <ClInclude Include="Graph.h" />
    <ClInclude Include="Pathfinding.h" />
  </ItemGroup>
</Project>