<?xml version="1.0" encoding="utf-8"?>
<Project ToolsVersion="4.0" xmlns="http://schemas.microsoft.com/developer/msbuild/2003">
  <ItemGroup>
    <Filter Include="Core">
      <UniqueIdentifier>{deb377b3-49b9-41a3-8cba-ab3d6318314d}</UniqueIdentifier>
    </Filter>
    <Filter Include="exercise1_1">
      <UniqueIdentifier>{f3cffcbb-5a8e-4e98-bb64-9a32d111bdbe}</UniqueIdentifier>
    </Filter>
  </ItemGroup>
  <ItemGroup>
    <ClInclude Include="Game.h">
      <Filter>Core</Filter>
    </ClInclude>
    <ClInclude Include="exercise1_1.h">
      <Filter>exercise1_1</Filter>
    </ClInclude>
  </ItemGroup>
  <ItemGroup>
    <ClCompile Include="Game.cpp">
      <Filter>Core</Filter>
    </ClCompile>
    <ClCompile Include="main.cpp" />
    <ClCompile Include="exercise1_1.cpp">
      <Filter>exercise1_1</Filter>
    </ClCompile>
  </ItemGroup>
</Project>