<?xml version="1.0" encoding="utf-8"?>
<Project ToolsVersion="4.0" xmlns="http://schemas.microsoft.com/developer/msbuild/2003">
  <ItemGroup>
    <Filter Include="Core">
      <UniqueIdentifier>{18679b8f-e897-409b-a3e7-2c08072d5c82}</UniqueIdentifier>
    </Filter>
    <Filter Include="Math">
      <UniqueIdentifier>{eb53a1d6-1bf1-4e86-b82b-bae47f7008c2}</UniqueIdentifier>
    </Filter>
    <Filter Include="Random">
      <UniqueIdentifier>{d3a9f0f9-ee2a-49b0-af81-1d25398a9cc1}</UniqueIdentifier>
    </Filter>
  </ItemGroup>
  <ItemGroup>
    <ClCompile Include="Main.cpp" />
    <ClCompile Include="Math.cpp">
      <Filter>Math</Filter>
    </ClCompile>
    <ClCompile Include="Random.cpp">
      <Filter>Random</Filter>
    </ClCompile>
    <ClCompile Include="Actor.cpp">
      <Filter>Core</Filter>
    </ClCompile>
    <ClCompile Include="CircleComponent.cpp">
      <Filter>Core</Filter>
    </ClCompile>
    <ClCompile Include="Component.cpp">
      <Filter>Core</Filter>
    </ClCompile>
    <ClCompile Include="Game.cpp">
      <Filter>Core</Filter>
    </ClCompile>
    <ClCompile Include="InputComponent.cpp">
      <Filter>Core</Filter>
    </ClCompile>
    <ClCompile Include="MoveComponent.cpp">
      <Filter>Core</Filter>
    </ClCompile>
    <ClCompile Include="SpriteComponent.cpp">
      <Filter>Core</Filter>
    </ClCompile>
    <ClCompile Include="Asteroid.cpp" />
    <ClCompile Include="Laser.cpp" />
    <ClCompile Include="Ship.cpp" />
  </ItemGroup>
  <ItemGroup>
    <ClInclude Include="Math.h">
      <Filter>Math</Filter>
    </ClInclude>
    <ClInclude Include="Random.h">
      <Filter>Random</Filter>
    </ClInclude>
    <ClInclude Include="Actor.h">
      <Filter>Core</Filter>
    </ClInclude>
    <ClInclude Include="CircleComponent.h">
      <Filter>Core</Filter>
    </ClInclude>
    <ClInclude Include="Component.h">
      <Filter>Core</Filter>
    </ClInclude>
    <ClInclude Include="Game.h">
      <Filter>Core</Filter>
    </ClInclude>
    <ClInclude Include="InputComponent.h">
      <Filter>Core</Filter>
    </ClInclude>
    <ClInclude Include="MoveComponent.h">
      <Filter>Core</Filter>
    </ClInclude>
    <ClInclude Include="SpriteComponent.h">
      <Filter>Core</Filter>
    </ClInclude>
    <ClInclude Include="Asteroid.h" />
    <ClInclude Include="Laser.h" />
    <ClInclude Include="Ship.h" />
  </ItemGroup>
</Project>